
Microsoft Visual Studio Solution File, Format Version 12.00
# Visual Studio Version 16
VisualStudioVersion = 16.0.29025.244
MinimumVisualStudioVersion = 10.0.40219.1
Project("{FAE04EC0-301F-11D3-BF4B-00C04F79EFBC}") = "Project", "Project\Project.csproj", "{123DB3D4-EEA0-42F4-895A-5F91E0AF6096}"
EndProject
Global
	GlobalSection(SolutionConfigurationPlatforms) = preSolution
		Debug|Any CPU = Debug|Any CPU
		Release|Any CPU = Release|Any CPU
	EndGlobalSection
	GlobalSection(ProjectConfigurationPlatforms) = postSolution
		{123DB3D4-EEA0-42F4-895A-5F91E0AF6096}.Debug|Any CPU.ActiveCfg = Debug|Any CPU
		{123DB3D4-EEA0-42F4-895A-5F91E0AF6096}.Debug|Any CPU.Build.0 = Debug|Any CPU
		{123DB3D4-EEA0-42F4-895A-5F91E0AF6096}.Release|Any CPU.ActiveCfg = Release|Any CPU
		{123DB3D4-EEA0-42F4-895A-5F91E0AF6096}.Release|Any CPU.Build.0 = Release|Any CPU
	EndGlobalSection
	GlobalSection(SolutionProperties) = preSolution
		HideSolutionNode = FALSE
	EndGlobalSection
	GlobalSection(ExtensibilityGlobals) = postSolution
		SolutionGuid = {E4FF018D-2C0C-4314-A3E9-DA9C6FE0101A}
	EndGlobalSection
EndGlobal
